
Microsoft Visual Studio Solution File, Format Version 12.00
# Visual Studio Version 17
VisualStudioVersion = 17.0.32014.148
MinimumVisualStudioVersion = 10.0.40219.1
Project("{FAE04EC0-301F-11D3-BF4B-00C04F79EFBC}") = "Task_4_1", "Task_4_1\Task_4_1.csproj", "{9CE3DD04-B9DA-4956-896A-72FAB0283C63}"
EndProject
Global
	GlobalSection(SolutionConfigurationPlatforms) = preSolution
		Debug|Any CPU = Debug|Any CPU
		Release|Any CPU = Release|Any CPU
	EndGlobalSection
	GlobalSection(ProjectConfigurationPlatforms) = postSolution
		{9CE3DD04-B9DA-4956-896A-72FAB0283C63}.Debug|Any CPU.ActiveCfg = Debug|Any CPU
		{9CE3DD04-B9DA-4956-896A-72FAB0283C63}.Debug|Any CPU.Build.0 = Debug|Any CPU
		{9CE3DD04-B9DA-4956-896A-72FAB0283C63}.Release|Any CPU.ActiveCfg = Release|Any CPU
		{9CE3DD04-B9DA-4956-896A-72FAB0283C63}.Release|Any CPU.Build.0 = Release|Any CPU
	EndGlobalSection
	GlobalSection(SolutionProperties) = preSolution
		HideSolutionNode = FALSE
	EndGlobalSection
	GlobalSection(ExtensibilityGlobals) = postSolution
		SolutionGuid = {2D4E46BA-0D4D-4076-A65A-4BED3D5FE7A7}
	EndGlobalSection
EndGlobal
